
Microsoft Visual Studio Solution File, Format Version 12.00
# Visual Studio Version 16
VisualStudioVersion = 16.0.30309.148
MinimumVisualStudioVersion = 10.0.40219.1
Project("{9A19103F-16F7-4668-BE54-9A1E7A4F7556}") = "TransactionsManager.Web", "TransactionsManager\TransactionsManager.Web.csproj", "{E570A1C1-0324-419C-A2D5-F9049B8615F5}"
EndProject
Project("{FAE04EC0-301F-11D3-BF4B-00C04F79EFBC}") = "TransactionManager.Repository", "TransactionManager.Repository\TransactionManager.Repository.csproj", "{0578D173-82EA-4A00-A156-50BAC1239B67}"
EndProject
Project("{FAE04EC0-301F-11D3-BF4B-00C04F79EFBC}") = "TransactionManager.Common", "TransactionManager.Interfaces\TransactionManager.Common.csproj", "{A1560C89-8E40-4501-A545-CD1F0C4E1569}"
EndProject
Project("{FAE04EC0-301F-11D3-BF4B-00C04F79EFBC}") = "TransactionManager.Parsers", "TransactionManager.Importers\TransactionManager.Parsers.csproj", "{6D0B8833-7CA2-457B-9E9B-B9E9C1642AFC}"
EndProject
Project("{FAE04EC0-301F-11D3-BF4B-00C04F79EFBC}") = "TransactionManager.Tests", "TransactionManager.Tests\TransactionManager.Tests.csproj", "{5784DC92-4CCB-4AD3-8180-C1F7C4353B5F}"
EndProject
Global
	GlobalSection(SolutionConfigurationPlatforms) = preSolution
		Debug|Any CPU = Debug|Any CPU
		Release|Any CPU = Release|Any CPU
	EndGlobalSection
	GlobalSection(ProjectConfigurationPlatforms) = postSolution
		{E570A1C1-0324-419C-A2D5-F9049B8615F5}.Debug|Any CPU.ActiveCfg = Debug|Any CPU
		{E570A1C1-0324-419C-A2D5-F9049B8615F5}.Debug|Any CPU.Build.0 = Debug|Any CPU
		{E570A1C1-0324-419C-A2D5-F9049B8615F5}.Release|Any CPU.ActiveCfg = Release|Any CPU
		{E570A1C1-0324-419C-A2D5-F9049B8615F5}.Release|Any CPU.Build.0 = Release|Any CPU
		{0578D173-82EA-4A00-A156-50BAC1239B67}.Debug|Any CPU.ActiveCfg = Debug|Any CPU
		{0578D173-82EA-4A00-A156-50BAC1239B67}.Debug|Any CPU.Build.0 = Debug|Any CPU
		{0578D173-82EA-4A00-A156-50BAC1239B67}.Release|Any CPU.ActiveCfg = Release|Any CPU
		{0578D173-82EA-4A00-A156-50BAC1239B67}.Release|Any CPU.Build.0 = Release|Any CPU
		{A1560C89-8E40-4501-A545-CD1F0C4E1569}.Debug|Any CPU.ActiveCfg = Debug|Any CPU
		{A1560C89-8E40-4501-A545-CD1F0C4E1569}.Debug|Any CPU.Build.0 = Debug|Any CPU
		{A1560C89-8E40-4501-A545-CD1F0C4E1569}.Release|Any CPU.ActiveCfg = Release|Any CPU
		{A1560C89-8E40-4501-A545-CD1F0C4E1569}.Release|Any CPU.Build.0 = Release|Any CPU
		{6D0B8833-7CA2-457B-9E9B-B9E9C1642AFC}.Debug|Any CPU.ActiveCfg = Debug|Any CPU
		{6D0B8833-7CA2-457B-9E9B-B9E9C1642AFC}.Debug|Any CPU.Build.0 = Debug|Any CPU
		{6D0B8833-7CA2-457B-9E9B-B9E9C1642AFC}.Release|Any CPU.ActiveCfg = Release|Any CPU
		{6D0B8833-7CA2-457B-9E9B-B9E9C1642AFC}.Release|Any CPU.Build.0 = Release|Any CPU
		{5784DC92-4CCB-4AD3-8180-C1F7C4353B5F}.Debug|Any CPU.ActiveCfg = Debug|Any CPU
		{5784DC92-4CCB-4AD3-8180-C1F7C4353B5F}.Debug|Any CPU.Build.0 = Debug|Any CPU
		{5784DC92-4CCB-4AD3-8180-C1F7C4353B5F}.Release|Any CPU.ActiveCfg = Release|Any CPU
		{5784DC92-4CCB-4AD3-8180-C1F7C4353B5F}.Release|Any CPU.Build.0 = Release|Any CPU
	EndGlobalSection
	GlobalSection(SolutionProperties) = preSolution
		HideSolutionNode = FALSE
	EndGlobalSection
	GlobalSection(ExtensibilityGlobals) = postSolution
		SolutionGuid = {160E3278-BC78-447E-A1D8-1BC0ADE650CF}
	EndGlobalSection
EndGlobal
