{
  "requires": true,
  "lockfileVersion": 1,
  "dependencies": {
    "angular-notifier": {
      "version": "6.0.1",
      "resolved": "https://registry.npmjs.org/angular-notifier/-/angular-notifier-6.0.1.tgz",
      "integrity": "sha512-eC312pNkHfjBU1nflOxtRKbkuxZGthZj23wK1unZ9u+sIhdrUm2Fd2j4Tud8+5z9wQX+ec59v4pBfayO3AFx+Q==",
      "requires": {
        "tslib": "^1.9.0"
      }
    },
    "tslib": {
      "version": "1.13.0",
      "resolved": "https://registry.npmjs.org/tslib/-/tslib-1.13.0.tgz",
      "integrity": "sha512-i/6DQjL8Xf3be4K/E6Wgpekn5Qasl1usyw++dAA35Ue5orEn65VIxOA+YvNNl9HV3qv70T7CNwjODHZrLwvd1Q=="
    }
  }
}
